// !$*UTF8*$!
{
	archiveVersion = 1;
	classes = {
	};
	objectVersion = 46;
	objects = {

/* Begin PBXBuildFile section */
		6636F77B19F65D24002DE278 /* AppDelegate.swift in Sources */ = {isa = PBXBuildFile; fileRef = 6636F77A19F65D24002DE278 /* AppDelegate.swift */; };
		6636F77D19F65D24002DE278 /* ViewController.swift in Sources */ = {isa = PBXBuildFile; fileRef = 6636F77C19F65D24002DE278 /* ViewController.swift */; };
		6636F78019F65D24002DE278 /* Main.storyboard in Resources */ = {isa = PBXBuildFile; fileRef = 6636F77E19F65D24002DE278 /* Main.storyboard */; };
		6636F78219F65D24002DE278 /* Images.xcassets in Resources */ = {isa = PBXBuildFile; fileRef = 6636F78119F65D24002DE278 /* Images.xcassets */; };
		6636F78519F65D24002DE278 /* LaunchScreen.xib in Resources */ = {isa = PBXBuildFile; fileRef = 6636F78319F65D24002DE278 /* LaunchScreen.xib */; };
		6636F79119F65D24002DE278 /* SportsStoreTests.swift in Sources */ = {isa = PBXBuildFile; fileRef = 6636F79019F65D24002DE278 /* SportsStoreTests.swift */; };
		667A1A9719F67BB700060D1B /* Utils.swift in Sources */ = {isa = PBXBuildFile; fileRef = 667A1A9619F67BB700060D1B /* Utils.swift */; };
		667A1A9919F67BD600060D1B /* Product.swift in Sources */ = {isa = PBXBuildFile; fileRef = 667A1A9819F67BD600060D1B /* Product.swift */; };
		667A1A9B19F67F5E00060D1B /* Logger.swift in Sources */ = {isa = PBXBuildFile; fileRef = 667A1A9A19F67F5E00060D1B /* Logger.swift */; };
/* End PBXBuildFile section */

/* Begin PBXContainerItemProxy section */
		6636F78B19F65D24002DE278 /* PBXContainerItemProxy */ = {
			isa = PBXContainerItemProxy;
			containerPortal = 6636F76D19F65D24002DE278 /* Project object */;
			proxyType = 1;
			remoteGlobalIDString = 6636F77419F65D24002DE278;
			remoteInfo = SportsStore;
		};
/* End PBXContainerItemProxy section */

/* Begin PBXFileReference section */
		6636F77519F65D24002DE278 /* SportsStore.app */ = {isa = PBXFileReference; explicitFileType = wrapper.application; includeInIndex = 0; path = SportsStore.app; sourceTree = BUILT_PRODUCTS_DIR; };
		6636F77919F65D24002DE278 /* Info.plist */ = {isa = PBXFileReference; lastKnownFileType = text.plist.xml; path = Info.plist; sourceTree = "<group>"; };
		6636F77A19F65D24002DE278 /* AppDelegate.swift */ = {isa = PBXFileReference; lastKnownFileType = sourcecode.swift; path = AppDelegate.swift; sourceTree = "<group>"; };
		6636F77C19F65D24002DE278 /* ViewController.swift */ = {isa = PBXFileReference; lastKnownFileType = sourcecode.swift; path = ViewController.swift; sourceTree = "<group>"; };
		6636F77F19F65D24002DE278 /* Base */ = {isa = PBXFileReference; lastKnownFileType = file.storyboard; name = Base; path = Base.lproj/Main.storyboard; sourceTree = "<group>"; };
		6636F78119F65D24002DE278 /* Images.xcassets */ = {isa = PBXFileReference; lastKnownFileType = folder.assetcatalog; path = Images.xcassets; sourceTree = "<group>"; };
		6636F78419F65D24002DE278 /* Base */ = {isa = PBXFileReference; lastKnownFileType = file.xib; name = Base; path = Base.lproj/LaunchScreen.xib; sourceTree = "<group>"; };
		6636F78A19F65D24002DE278 /* SportsStoreTests.xctest */ = {isa = PBXFileReference; explicitFileType = wrapper.cfbundle; includeInIndex = 0; path = SportsStoreTests.xctest; sourceTree = BUILT_PRODUCTS_DIR; };
		6636F78F19F65D24002DE278 /* Info.plist */ = {isa = PBXFileReference; lastKnownFileType = text.plist.xml; path = Info.plist; sourceTree = "<group>"; };
		6636F79019F65D24002DE278 /* SportsStoreTests.swift */ = {isa = PBXFileReference; lastKnownFileType = sourcecode.swift; path = SportsStoreTests.swift; sourceTree = "<group>"; };
		667A1A9619F67BB700060D1B /* Utils.swift */ = {isa = PBXFileReference; fileEncoding = 4; lastKnownFileType = sourcecode.swift; path = Utils.swift; sourceTree = "<group>"; };
		667A1A9819F67BD600060D1B /* Product.swift */ = {isa = PBXFileReference; fileEncoding = 4; lastKnownFileType = sourcecode.swift; path = Product.swift; sourceTree = "<group>"; };
		667A1A9A19F67F5E00060D1B /* Logger.swift */ = {isa = PBXFileReference; fileEncoding = 4; lastKnownFileType = sourcecode.swift; path = Logger.swift; sourceTree = "<group>"; };
/* End PBXFileReference section */

/* Begin PBXFrameworksBuildPhase section */
		6636F77219F65D24002DE278 /* Frameworks */ = {
			isa = PBXFrameworksBuildPhase;
			buildActionMask = 2147483647;
			files = (
			);
			runOnlyForDeploymentPostprocessing = 0;
		};
		6636F78719F65D24002DE278 /* Frameworks */ = {
			isa = PBXFrameworksBuildPhase;
			buildActionMask = 2147483647;
			files = (
			);
			runOnlyForDeploymentPostprocessing = 0;
		};
/* End PBXFrameworksBuildPhase section */

/* Begin PBXGroup section */
		6636F76C19F65D24002DE278 = {
			isa = PBXGroup;
			children = (
				6636F77719F65D24002DE278 /* SportsStore */,
				6636F78D19F65D24002DE278 /* SportsStoreTests */,
				6636F77619F65D24002DE278 /* Products */,
			);
			sourceTree = "<group>";
		};
		6636F77619F65D24002DE278 /* Products */ = {
			isa = PBXGroup;
			children = (
				6636F77519F65D24002DE278 /* SportsStore.app */,
				6636F78A19F65D24002DE278 /* SportsStoreTests.xctest */,
			);
			name = Products;
			sourceTree = "<group>";
		};
		6636F77719F65D24002DE278 /* SportsStore */ = {
			isa = PBXGroup;
			children = (
				6636F77A19F65D24002DE278 /* AppDelegate.swift */,
				6636F77C19F65D24002DE278 /* ViewController.swift */,
				6636F77E19F65D24002DE278 /* Main.storyboard */,
				6636F78119F65D24002DE278 /* Images.xcassets */,
				6636F78319F65D24002DE278 /* LaunchScreen.xib */,
				6636F77819F65D24002DE278 /* Supporting Files */,
				667A1A9619F67BB700060D1B /* Utils.swift */,
				667A1A9819F67BD600060D1B /* Product.swift */,
				667A1A9A19F67F5E00060D1B /* Logger.swift */,
			);
			path = SportsStore;
			sourceTree = "<group>";
		};
		6636F77819F65D24002DE278 /* Supporting Files */ = {
			isa = PBXGroup;
			children = (
				6636F77919F65D24002DE278 /* Info.plist */,
			);
			name = "Supporting Files";
			sourceTree = "<group>";
		};
		6636F78D19F65D24002DE278 /* SportsStoreTests */ = {
			isa = PBXGroup;
			children = (
				6636F79019F65D24002DE278 /* SportsStoreTests.swift */,
				6636F78E19F65D24002DE278 /* Supporting Files */,
			);
			path = SportsStoreTests;
			sourceTree = "<group>";
		};
		6636F78E19F65D24002DE278 /* Supporting Files */ = {
			isa = PBXGroup;
			children = (
				6636F78F19F65D24002DE278 /* Info.plist */,
			);
			name = "Supporting Files";
			sourceTree = "<group>";
		};
/* End PBXGroup section */

/* Begin PBXNativeTarget section */
		6636F77419F65D24002DE278 /* SportsStore */ = {
			isa = PBXNativeTarget;
			buildConfigurationList = 6636F79419F65D24002DE278 /* Build configuration list for PBXNativeTarget "SportsStore" */;
			buildPhases = (
				6636F77119F65D24002DE278 /* Sources */,
				6636F77219F65D24002DE278 /* Frameworks */,
				6636F77319F65D24002DE278 /* Resources */,
			);
			buildRules = (
			);
			dependencies = (
			);
			name = SportsStore;
			productName = SportsStore;
			productReference = 6636F77519F65D24002DE278 /* SportsStore.app */;
			productType = "com.apple.product-type.application";
		};
		6636F78919F65D24002DE278 /* SportsStoreTests */ = {
			isa = PBXNativeTarget;
			buildConfigurationList = 6636F79719F65D24002DE278 /* Build configuration list for PBXNativeTarget "SportsStoreTests" */;
			buildPhases = (
				6636F78619F65D24002DE278 /* Sources */,
				6636F78719F65D24002DE278 /* Frameworks */,
				6636F78819F65D24002DE278 /* Resources */,
			);
			buildRules = (
			);
			dependencies = (
				6636F78C19F65D24002DE278 /* PBXTargetDependency */,
			);
			name = SportsStoreTests;
			productName = SportsStoreTests;
			productReference = 6636F78A19F65D24002DE278 /* SportsStoreTests.xctest */;
			productType = "com.apple.product-type.bundle.unit-test";
		};
/* End PBXNativeTarget section */

/* Begin PBXProject section */
		6636F76D19F65D24002DE278 /* Project object */ = {
			isa = PBXProject;
			attributes = {
				LastUpgradeCheck = 0610;
				ORGANIZATIONNAME = Apress;
				TargetAttributes = {
					6636F77419F65D24002DE278 = {
						CreatedOnToolsVersion = 6.1;
						LastSwiftMigration = 0820;
					};
					6636F78919F65D24002DE278 = {
						CreatedOnToolsVersion = 6.1;
						LastSwiftMigration = 0820;
						TestTargetID = 6636F77419F65D24002DE278;
					};
				};
			};
			buildConfigurationList = 6636F77019F65D24002DE278 /* Build configuration list for PBXProject "SportsStore" */;
			compatibilityVersion = "Xcode 3.2";
			developmentRegion = English;
			hasScannedForEncodings = 0;
			knownRegions = (
				en,
				Base,
			);
			mainGroup = 6636F76C19F65D24002DE278;
			productRefGroup = 6636F77619F65D24002DE278 /* Products */;
			projectDirPath = "";
			projectRoot = "";
			targets = (
				6636F77419F65D24002DE278 /* SportsStore */,
				6636F78919F65D24002DE278 /* SportsStoreTests */,
			);
		};
/* End PBXProject section */

/* Begin PBXResourcesBuildPhase section */
		6636F77319F65D24002DE278 /* Resources */ = {
			isa = PBXResourcesBuildPhase;
			buildActionMask = 2147483647;
			files = (
				6636F78019F65D24002DE278 /* Main.storyboard in Resources */,
				6636F78519F65D24002DE278 /* LaunchScreen.xib in Resources */,
				6636F78219F65D24002DE278 /* Images.xcassets in Resources */,
			);
			runOnlyForDeploymentPostprocessing = 0;
		};
		6636F78819F65D24002DE278 /* Resources */ = {
			isa = PBXResourcesBuildPhase;
			buildActionMask = 2147483647;
			files = (
			);
			runOnlyForDeploymentPostprocessing = 0;
		};
/* End PBXResourcesBuildPhase section */

/* Begin PBXSourcesBuildPhase section */
		6636F77119F65D24002DE278 /* Sources */ = {
			isa = PBXSourcesBuildPhase;
			buildActionMask = 2147483647;
			files = (
				667A1A9B19F67F5E00060D1B /* Logger.swift in Sources */,
				6636F77D19F65D24002DE278 /* ViewController.swift in Sources */,
				667A1A9919F67BD600060D1B /* Product.swift in Sources */,
				6636F77B19F65D24002DE278 /* AppDelegate.swift in Sources */,
				667A1A9719F67BB700060D1B /* Utils.swift in Sources */,
			);
			runOnlyForDeploymentPostprocessing = 0;
		};
		6636F78619F65D24002DE278 /* Sources */ = {
			isa = PBXSourcesBuildPhase;
			buildActionMask = 2147483647;
			files = (
				6636F79119F65D24002DE278 /* SportsStoreTests.swift in Sources */,
			);
			runOnlyForDeploymentPostprocessing = 0;
		};
/* End PBXSourcesBuildPhase section */

/* Begin PBXTargetDependency section */
		6636F78C19F65D24002DE278 /* PBXTargetDependency */ = {
			isa = PBXTargetDependency;
			target = 6636F77419F65D24002DE278 /* SportsStore */;
			targetProxy = 6636F78B19F65D24002DE278 /* PBXContainerItemProxy */;
		};
/* End PBXTargetDependency section */

/* Begin PBXVariantGroup section */
		6636F77E19F65D24002DE278 /* Main.storyboard */ = {
			isa = PBXVariantGroup;
			children = (
				6636F77F19F65D24002DE278 /* Base */,
			);
			name = Main.storyboard;
			sourceTree = "<group>";
		};
		6636F78319F65D24002DE278 /* LaunchScreen.xib */ = {
			isa = PBXVariantGroup;
			children = (
				6636F78419F65D24002DE278 /* Base */,
			);
			name = LaunchScreen.xib;
			sourceTree = "<group>";
		};
/* End PBXVariantGroup section */

/* Begin XCBuildConfiguration section */
		6636F79219F65D24002DE278 /* Debug */ = {
			isa = XCBuildConfiguration;
			buildSettings = {
				ALWAYS_SEARCH_USER_PATHS = NO;
				CLANG_CXX_LANGUAGE_STANDARD = "gnu++0x";
				CLANG_CXX_LIBRARY = "libc++";
				CLANG_ENABLE_MODULES = YES;
				CLANG_ENABLE_OBJC_ARC = YES;
				CLANG_WARN_BOOL_CONVERSION = YES;
				CLANG_WARN_CONSTANT_CONVERSION = YES;
				CLANG_WARN_DIRECT_OBJC_ISA_USAGE = YES_ERROR;
				CLANG_WARN_EMPTY_BODY = YES;
				CLANG_WARN_ENUM_CONVERSION = YES;
				CLANG_WARN_INT_CONVERSION = YES;
				CLANG_WARN_OBJC_ROOT_CLASS = YES_ERROR;
				CLANG_WARN_UNREACHABLE_CODE = YES;
				CLANG_WARN__DUPLICATE_METHOD_MATCH = YES;
				"CODE_SIGN_IDENTITY[sdk=iphoneos*]" = "iPhone Developer";
				COPY_PHASE_STRIP = NO;
				ENABLE_STRICT_OBJC_MSGSEND = YES;
				GCC_C_LANGUAGE_STANDARD = gnu99;
				GCC_DYNAMIC_NO_PIC = NO;
				GCC_OPTIMIZATION_LEVEL = 0;
				GCC_PREPROCESSOR_DEFINITIONS = (
					"DEBUG=1",
					"$(inherited)",
				);
				GCC_SYMBOLS_PRIVATE_EXTERN = NO;
				GCC_WARN_64_TO_32_BIT_CONVERSION = YES;
				GCC_WARN_ABOUT_RETURN_TYPE = YES_ERROR;
				GCC_WARN_UNDECLARED_SELECTOR = YES;
				GCC_WARN_UNINITIALIZED_AUTOS = YES_AGGRESSIVE;
				GCC_WARN_UNUSED_FUNCTION = YES;
				GCC_WARN_UNUSED_VARIABLE = YES;
				IPHONEOS_DEPLOYMENT_TARGET = 8.1;
				MTL_ENABLE_DEBUG_INFO = YES;
				ONLY_ACTIVE_ARCH = YES;
				SDKROOT = iphoneos;
				SWIFT_OPTIMIZATION_LEVEL = "-Onone";
				TARGETED_DEVICE_FAMILY = 2;
			};
			name = Debug;
		};
		6636F79319F65D24002DE278 /* Release */ = {
			isa = XCBuildConfiguration;
			buildSettings = {
				ALWAYS_SEARCH_USER_PATHS = NO;
				CLANG_CXX_LANGUAGE_STANDARD = "gnu++0x";
				CLANG_CXX_LIBRARY = "libc++";
				CLANG_ENABLE_MODULES = YES;
				CLANG_ENABLE_OBJC_ARC = YES;
				CLANG_WARN_BOOL_CONVERSION = YES;
				CLANG_WARN_CONSTANT_CONVERSION = YES;
				CLANG_WARN_DIRECT_OBJC_ISA_USAGE = YES_ERROR;
				CLANG_WARN_EMPTY_BODY = YES;
				CLANG_WARN_ENUM_CONVERSION = YES;
				CLANG_WARN_INT_CONVERSION = YES;
				CLANG_WARN_OBJC_ROOT_CLASS = YES_ERROR;
				CLANG_WARN_UNREACHABLE_CODE = YES;
				CLANG_WARN__DUPLICATE_METHOD_MATCH = YES;
				"CODE_SIGN_IDENTITY[sdk=iphoneos*]" = "iPhone Developer";
				COPY_PHASE_STRIP = YES;
				ENABLE_NS_ASSERTIONS = NO;
				ENABLE_STRICT_OBJC_MSGSEND = YES;
				GCC_C_LANGUAGE_STANDARD = gnu99;
				GCC_WARN_64_TO_32_BIT_CONVERSION = YES;
				GCC_WARN_ABOUT_RETURN_TYPE = YES_ERROR;
				GCC_WARN_UNDECLARED_SELECTOR = YES;
				GCC_WARN_UNINITIALIZED_AUTOS = YES_AGGRESSIVE;
				GCC_WARN_UNUSED_FUNCTION = YES;
				GCC_WARN_UNUSED_VARIABLE = YES;
				IPHONEOS_DEPLOYMENT_TARGET = 8.1;
				MTL_ENABLE_DEBUG_INFO = NO;
				SDKROOT = iphoneos;
				TARGETED_DEVICE_FAMILY = 2;
				VALIDATE_PRODUCT = YES;
			};
			name = Release;
		};
		6636F79519F65D24002DE278 /* Debug */ = {
			isa = XCBuildConfiguration;
			buildSettings = {
				ASSETCATALOG_COMPILER_APPICON_NAME = AppIcon;
				INFOPLIST_FILE = SportsStore/Info.plist;
				LD_RUNPATH_SEARCH_PATHS = "$(inherited) @executable_path/Frameworks";
				PRODUCT_NAME = "$(TARGET_NAME)";
				SWIFT_VERSION = 3.0;
			};
			name = Debug;
		};
		6636F79619F65D24002DE278 /* Release */ = {
			isa = XCBuildConfiguration;
			buildSettings = {
				ASSETCATALOG_COMPILER_APPICON_NAME = AppIcon;
				INFOPLIST_FILE = SportsStore/Info.plist;
				LD_RUNPATH_SEARCH_PATHS = "$(inherited) @executable_path/Frameworks";
				PRODUCT_NAME = "$(TARGET_NAME)";
				SWIFT_VERSION = 3.0;
			};
			name = Release;
		};
		6636F79819F65D24002DE278 /* Debug */ = {
			isa = XCBuildConfiguration;
			buildSettings = {
				BUNDLE_LOADER = "$(TEST_HOST)";
				FRAMEWORK_SEARCH_PATHS = (
					"$(SDKROOT)/Developer/Library/Frameworks",
					"$(inherited)",
				);
				GCC_PREPROCESSOR_DEFINITIONS = (
					"DEBUG=1",
					"$(inherited)",
				);
				INFOPLIST_FILE = SportsStoreTests/Info.plist;
				LD_RUNPATH_SEARCH_PATHS = "$(inherited) @executable_path/Frameworks @loader_path/Frameworks";
				PRODUCT_NAME = "$(TARGET_NAME)";
				SWIFT_VERSION = 3.0;
				TEST_HOST = "$(BUILT_PRODUCTS_DIR)/SportsStore.app/SportsStore";
			};
			name = Debug;
		};
		6636F79919F65D24002DE278 /* Release */ = {
			isa = XCBuildConfiguration;
			buildSettings = {
				BUNDLE_LOADER = "$(TEST_HOST)";
				FRAMEWORK_SEARCH_PATHS = (
					"$(SDKROOT)/Developer/Library/Frameworks",
					"$(inherited)",
				);
				INFOPLIST_FILE = SportsStoreTests/Info.plist;
				LD_RUNPATH_SEARCH_PATHS = "$(inherited) @executable_path/Frameworks @loader_path/Frameworks";
				PRODUCT_NAME = "$(TARGET_NAME)";
				SWIFT_VERSION = 3.0;
				TEST_HOST = "$(BUILT_PRODUCTS_DIR)/SportsStore.app/SportsStore";
			};
			name = Release;
		};
/* End XCBuildConfiguration section */

/* Begin XCConfigurationList section */
		6636F77019F65D24002DE278 /* Build configuration list for PBXProject "SportsStore" */ = {
			isa = XCConfigurationList;
			buildConfigurations = (
				6636F79219F65D24002DE278 /* Debug */,
				6636F79319F65D24002DE278 /* Release */,
			);
			defaultConfigurationIsVisible = 0;
			defaultConfigurationName = Release;
		};
		6636F79419F65D24002DE278 /* Build configuration list for PBXNativeTarget "SportsStore" */ = {
			isa = XCConfigurationList;
			buildConfigurations = (
				6636F79519F65D24002DE278 /* Debug */,
				6636F79619F65D24002DE278 /* Release */,
			);
			defaultConfigurationIsVisible = 0;
			defaultConfigurationName = Release;
		};
		6636F79719F65D24002DE278 /* Build configuration list for PBXNativeTarget "SportsStoreTests" */ = {
			isa = XCConfigurationList;
			buildConfigurations = (
				6636F79819F65D24002DE278 /* Debug */,
				6636F79919F65D24002DE278 /* Release */,
			);
			defaultConfigurationIsVisible = 0;
			defaultConfigurationName = Release;
		};
/* End XCConfigurationList section */
	};
	rootObject = 6636F76D19F65D24002DE278 /* Project object */;
}
