// !$*UTF8*$!
{
	archiveVersion = 1;
	classes = {
	};
	objectVersion = 46;
	objects = {

/* Begin PBXBuildFile section */
		66E2F3F819F6484F00A8E908 /* main.swift in Sources */ = {isa = PBXBuildFile; fileRef = 66E2F3F719F6484F00A8E908 /* main.swift */; };
		66E2F3FF19F6487200A8E908 /* MyCode.swift in Sources */ = {isa = PBXBuildFile; fileRef = 66E2F3FE19F6487200A8E908 /* MyCode.swift */; };
/* End PBXBuildFile section */

/* Begin PBXCopyFilesBuildPhase section */
		66E2F3F219F6484F00A8E908 /* CopyFiles */ = {
			isa = PBXCopyFilesBuildPhase;
			buildActionMask = 2147483647;
			dstPath = /usr/share/man/man1/;
			dstSubfolderSpec = 0;
			files = (
			);
			runOnlyForDeploymentPostprocessing = 1;
		};
/* End PBXCopyFilesBuildPhase section */

/* Begin PBXFileReference section */
		66E2F3F419F6484F00A8E908 /* MyCommandLine */ = {isa = PBXFileReference; explicitFileType = "compiled.mach-o.executable"; includeInIndex = 0; path = MyCommandLine; sourceTree = BUILT_PRODUCTS_DIR; };
		66E2F3F719F6484F00A8E908 /* main.swift */ = {isa = PBXFileReference; lastKnownFileType = sourcecode.swift; path = main.swift; sourceTree = "<group>"; };
		66E2F3FE19F6487200A8E908 /* MyCode.swift */ = {isa = PBXFileReference; fileEncoding = 4; lastKnownFileType = sourcecode.swift; path = MyCode.swift; sourceTree = "<group>"; };
/* End PBXFileReference section */

/* Begin PBXFrameworksBuildPhase section */
		66E2F3F119F6484F00A8E908 /* Frameworks */ = {
			isa = PBXFrameworksBuildPhase;
			buildActionMask = 2147483647;
			files = (
			);
			runOnlyForDeploymentPostprocessing = 0;
		};
/* End PBXFrameworksBuildPhase section */

/* Begin PBXGroup section */
		66E2F3EB19F6484F00A8E908 = {
			isa = PBXGroup;
			children = (
				66E2F3F619F6484F00A8E908 /* MyCommandLine */,
				66E2F3F519F6484F00A8E908 /* Products */,
			);
			sourceTree = "<group>";
		};
		66E2F3F519F6484F00A8E908 /* Products */ = {
			isa = PBXGroup;
			children = (
				66E2F3F419F6484F00A8E908 /* MyCommandLine */,
			);
			name = Products;
			sourceTree = "<group>";
		};
		66E2F3F619F6484F00A8E908 /* MyCommandLine */ = {
			isa = PBXGroup;
			children = (
				66E2F3F719F6484F00A8E908 /* main.swift */,
				66E2F3FE19F6487200A8E908 /* MyCode.swift */,
			);
			path = MyCommandLine;
			sourceTree = "<group>";
		};
/* End PBXGroup section */

/* Begin PBXNativeTarget section */
		66E2F3F319F6484F00A8E908 /* MyCommandLine */ = {
			isa = PBXNativeTarget;
			buildConfigurationList = 66E2F3FB19F6484F00A8E908 /* Build configuration list for PBXNativeTarget "MyCommandLine" */;
			buildPhases = (
				66E2F3F019F6484F00A8E908 /* Sources */,
				66E2F3F119F6484F00A8E908 /* Frameworks */,
				66E2F3F219F6484F00A8E908 /* CopyFiles */,
			);
			buildRules = (
			);
			dependencies = (
			);
			name = MyCommandLine;
			productName = MyCommandLine;
			productReference = 66E2F3F419F6484F00A8E908 /* MyCommandLine */;
			productType = "com.apple.product-type.tool";
		};
/* End PBXNativeTarget section */

/* Begin PBXProject section */
		66E2F3EC19F6484F00A8E908 /* Project object */ = {
			isa = PBXProject;
			attributes = {
				LastUpgradeCheck = 0610;
				ORGANIZATIONNAME = Apress;
				TargetAttributes = {
					66E2F3F319F6484F00A8E908 = {
						CreatedOnToolsVersion = 6.1;
					};
				};
			};
			buildConfigurationList = 66E2F3EF19F6484F00A8E908 /* Build configuration list for PBXProject "MyCommandLine" */;
			compatibilityVersion = "Xcode 3.2";
			developmentRegion = English;
			hasScannedForEncodings = 0;
			knownRegions = (
				en,
			);
			mainGroup = 66E2F3EB19F6484F00A8E908;
			productRefGroup = 66E2F3F519F6484F00A8E908 /* Products */;
			projectDirPath = "";
			projectRoot = "";
			targets = (
				66E2F3F319F6484F00A8E908 /* MyCommandLine */,
			);
		};
/* End PBXProject section */

/* Begin PBXSourcesBuildPhase section */
		66E2F3F019F6484F00A8E908 /* Sources */ = {
			isa = PBXSourcesBuildPhase;
			buildActionMask = 2147483647;
			files = (
				66E2F3FF19F6487200A8E908 /* MyCode.swift in Sources */,
				66E2F3F819F6484F00A8E908 /* main.swift in Sources */,
			);
			runOnlyForDeploymentPostprocessing = 0;
		};
/* End PBXSourcesBuildPhase section */

/* Begin XCBuildConfiguration section */
		66E2F3F919F6484F00A8E908 /* Debug */ = {
			isa = XCBuildConfiguration;
			buildSettings = {
				ALWAYS_SEARCH_USER_PATHS = NO;
				CLANG_CXX_LANGUAGE_STANDARD = "gnu++0x";
				CLANG_CXX_LIBRARY = "libc++";
				CLANG_ENABLE_MODULES = YES;
				CLANG_ENABLE_OBJC_ARC = YES;
				CLANG_WARN_BOOL_CONVERSION = YES;
				CLANG_WARN_CONSTANT_CONVERSION = YES;
				CLANG_WARN_DIRECT_OBJC_ISA_USAGE = YES_ERROR;
				CLANG_WARN_EMPTY_BODY = YES;
				CLANG_WARN_ENUM_CONVERSION = YES;
				CLANG_WARN_INT_CONVERSION = YES;
				CLANG_WARN_OBJC_ROOT_CLASS = YES_ERROR;
				CLANG_WARN_UNREACHABLE_CODE = YES;
				CLANG_WARN__DUPLICATE_METHOD_MATCH = YES;
				COPY_PHASE_STRIP = NO;
				ENABLE_STRICT_OBJC_MSGSEND = YES;
				GCC_C_LANGUAGE_STANDARD = gnu99;
				GCC_DYNAMIC_NO_PIC = NO;
				GCC_OPTIMIZATION_LEVEL = 0;
				GCC_PREPROCESSOR_DEFINITIONS = (
					"DEBUG=1",
					"$(inherited)",
				);
				GCC_SYMBOLS_PRIVATE_EXTERN = NO;
				GCC_WARN_64_TO_32_BIT_CONVERSION = YES;
				GCC_WARN_ABOUT_RETURN_TYPE = YES_ERROR;
				GCC_WARN_UNDECLARED_SELECTOR = YES;
				GCC_WARN_UNINITIALIZED_AUTOS = YES_AGGRESSIVE;
				GCC_WARN_UNUSED_FUNCTION = YES;
				GCC_WARN_UNUSED_VARIABLE = YES;
				MACOSX_DEPLOYMENT_TARGET = 10.10;
				MTL_ENABLE_DEBUG_INFO = YES;
				ONLY_ACTIVE_ARCH = YES;
				SDKROOT = macosx;
				SWIFT_OPTIMIZATION_LEVEL = "-Onone";
			};
			name = Debug;
		};
		66E2F3FA19F6484F00A8E908 /* Release */ = {
			isa = XCBuildConfiguration;
			buildSettings = {
				ALWAYS_SEARCH_USER_PATHS = NO;
				CLANG_CXX_LANGUAGE_STANDARD = "gnu++0x";
				CLANG_CXX_LIBRARY = "libc++";
				CLANG_ENABLE_MODULES = YES;
				CLANG_ENABLE_OBJC_ARC = YES;
				CLANG_WARN_BOOL_CONVERSION = YES;
				CLANG_WARN_CONSTANT_CONVERSION = YES;
				CLANG_WARN_DIRECT_OBJC_ISA_USAGE = YES_ERROR;
				CLANG_WARN_EMPTY_BODY = YES;
				CLANG_WARN_ENUM_CONVERSION = YES;
				CLANG_WARN_INT_CONVERSION = YES;
				CLANG_WARN_OBJC_ROOT_CLASS = YES_ERROR;
				CLANG_WARN_UNREACHABLE_CODE = YES;
				CLANG_WARN__DUPLICATE_METHOD_MATCH = YES;
				COPY_PHASE_STRIP = YES;
				DEBUG_INFORMATION_FORMAT = "dwarf-with-dsym";
				ENABLE_NS_ASSERTIONS = NO;
				ENABLE_STRICT_OBJC_MSGSEND = YES;
				GCC_C_LANGUAGE_STANDARD = gnu99;
				GCC_WARN_64_TO_32_BIT_CONVERSION = YES;
				GCC_WARN_ABOUT_RETURN_TYPE = YES_ERROR;
				GCC_WARN_UNDECLARED_SELECTOR = YES;
				GCC_WARN_UNINITIALIZED_AUTOS = YES_AGGRESSIVE;
				GCC_WARN_UNUSED_FUNCTION = YES;
				GCC_WARN_UNUSED_VARIABLE = YES;
				MACOSX_DEPLOYMENT_TARGET = 10.10;
				MTL_ENABLE_DEBUG_INFO = NO;
				SDKROOT = macosx;
			};
			name = Release;
		};
		66E2F3FC19F6484F00A8E908 /* Debug */ = {
			isa = XCBuildConfiguration;
			buildSettings = {
				PRODUCT_NAME = "$(TARGET_NAME)";
			};
			name = Debug;
		};
		66E2F3FD19F6484F00A8E908 /* Release */ = {
			isa = XCBuildConfiguration;
			buildSettings = {
				PRODUCT_NAME = "$(TARGET_NAME)";
			};
			name = Release;
		};
/* End XCBuildConfiguration section */

/* Begin XCConfigurationList section */
		66E2F3EF19F6484F00A8E908 /* Build configuration list for PBXProject "MyCommandLine" */ = {
			isa = XCConfigurationList;
			buildConfigurations = (
				66E2F3F919F6484F00A8E908 /* Debug */,
				66E2F3FA19F6484F00A8E908 /* Release */,
			);
			defaultConfigurationIsVisible = 0;
			defaultConfigurationName = Release;
		};
		66E2F3FB19F6484F00A8E908 /* Build configuration list for PBXNativeTarget "MyCommandLine" */ = {
			isa = XCConfigurationList;
			buildConfigurations = (
				66E2F3FC19F6484F00A8E908 /* Debug */,
				66E2F3FD19F6484F00A8E908 /* Release */,
			);
			defaultConfigurationIsVisible = 0;
		};
/* End XCConfigurationList section */
	};
	rootObject = 66E2F3EC19F6484F00A8E908 /* Project object */;
}
