// !$*UTF8*$!
{
	archiveVersion = 1;
	classes = {
	};
	objectVersion = 46;
	objects = {

/* Begin PBXBuildFile section */
		6628D8D61A0018D00079138B /* main.swift in Sources */ = {isa = PBXBuildFile; fileRef = 6628D8D51A0018D00079138B /* main.swift */; };
		6628D8DD1A0019340079138B /* Extensions.swift in Sources */ = {isa = PBXBuildFile; fileRef = 6628D8DC1A0019340079138B /* Extensions.swift */; };
		6628D8DF1A00194B0079138B /* Commands.swift in Sources */ = {isa = PBXBuildFile; fileRef = 6628D8DE1A00194B0079138B /* Commands.swift */; };
		6628D8E11A00195C0079138B /* Model.swift in Sources */ = {isa = PBXBuildFile; fileRef = 6628D8E01A00195C0079138B /* Model.swift */; };
		6628D8E31A0019980079138B /* Views.swift in Sources */ = {isa = PBXBuildFile; fileRef = 6628D8E21A0019980079138B /* Views.swift */; };
		6628D8E51A0019AC0079138B /* Controllers.swift in Sources */ = {isa = PBXBuildFile; fileRef = 6628D8E41A0019AC0079138B /* Controllers.swift */; };
/* End PBXBuildFile section */

/* Begin PBXCopyFilesBuildPhase section */
		6628D8D01A0018D00079138B /* CopyFiles */ = {
			isa = PBXCopyFilesBuildPhase;
			buildActionMask = 2147483647;
			dstPath = /usr/share/man/man1/;
			dstSubfolderSpec = 0;
			files = (
			);
			runOnlyForDeploymentPostprocessing = 1;
		};
/* End PBXCopyFilesBuildPhase section */

/* Begin PBXFileReference section */
		6628D8D21A0018D00079138B /* MVC */ = {isa = PBXFileReference; explicitFileType = "compiled.mach-o.executable"; includeInIndex = 0; path = MVC; sourceTree = BUILT_PRODUCTS_DIR; };
		6628D8D51A0018D00079138B /* main.swift */ = {isa = PBXFileReference; lastKnownFileType = sourcecode.swift; path = main.swift; sourceTree = "<group>"; };
		6628D8DC1A0019340079138B /* Extensions.swift */ = {isa = PBXFileReference; fileEncoding = 4; lastKnownFileType = sourcecode.swift; path = Extensions.swift; sourceTree = "<group>"; };
		6628D8DE1A00194B0079138B /* Commands.swift */ = {isa = PBXFileReference; fileEncoding = 4; lastKnownFileType = sourcecode.swift; path = Commands.swift; sourceTree = "<group>"; };
		6628D8E01A00195C0079138B /* Model.swift */ = {isa = PBXFileReference; fileEncoding = 4; lastKnownFileType = sourcecode.swift; path = Model.swift; sourceTree = "<group>"; };
		6628D8E21A0019980079138B /* Views.swift */ = {isa = PBXFileReference; fileEncoding = 4; lastKnownFileType = sourcecode.swift; path = Views.swift; sourceTree = "<group>"; };
		6628D8E41A0019AC0079138B /* Controllers.swift */ = {isa = PBXFileReference; fileEncoding = 4; lastKnownFileType = sourcecode.swift; path = Controllers.swift; sourceTree = "<group>"; };
/* End PBXFileReference section */

/* Begin PBXFrameworksBuildPhase section */
		6628D8CF1A0018D00079138B /* Frameworks */ = {
			isa = PBXFrameworksBuildPhase;
			buildActionMask = 2147483647;
			files = (
			);
			runOnlyForDeploymentPostprocessing = 0;
		};
/* End PBXFrameworksBuildPhase section */

/* Begin PBXGroup section */
		6628D8C91A0018D00079138B = {
			isa = PBXGroup;
			children = (
				6628D8D41A0018D00079138B /* MVC */,
				6628D8D31A0018D00079138B /* Products */,
			);
			sourceTree = "<group>";
		};
		6628D8D31A0018D00079138B /* Products */ = {
			isa = PBXGroup;
			children = (
				6628D8D21A0018D00079138B /* MVC */,
			);
			name = Products;
			sourceTree = "<group>";
		};
		6628D8D41A0018D00079138B /* MVC */ = {
			isa = PBXGroup;
			children = (
				6628D8DE1A00194B0079138B /* Commands.swift */,
				6628D8E41A0019AC0079138B /* Controllers.swift */,
				6628D8DC1A0019340079138B /* Extensions.swift */,
				6628D8D51A0018D00079138B /* main.swift */,
				6628D8E01A00195C0079138B /* Model.swift */,
				6628D8E21A0019980079138B /* Views.swift */,
			);
			path = MVC;
			sourceTree = "<group>";
		};
/* End PBXGroup section */

/* Begin PBXNativeTarget section */
		6628D8D11A0018D00079138B /* MVC */ = {
			isa = PBXNativeTarget;
			buildConfigurationList = 6628D8D91A0018D00079138B /* Build configuration list for PBXNativeTarget "MVC" */;
			buildPhases = (
				6628D8CE1A0018D00079138B /* Sources */,
				6628D8CF1A0018D00079138B /* Frameworks */,
				6628D8D01A0018D00079138B /* CopyFiles */,
			);
			buildRules = (
			);
			dependencies = (
			);
			name = MVC;
			productName = MVC;
			productReference = 6628D8D21A0018D00079138B /* MVC */;
			productType = "com.apple.product-type.tool";
		};
/* End PBXNativeTarget section */

/* Begin PBXProject section */
		6628D8CA1A0018D00079138B /* Project object */ = {
			isa = PBXProject;
			attributes = {
				LastUpgradeCheck = 0610;
				ORGANIZATIONNAME = Apress;
				TargetAttributes = {
					6628D8D11A0018D00079138B = {
						CreatedOnToolsVersion = 6.1;
					};
				};
			};
			buildConfigurationList = 6628D8CD1A0018D00079138B /* Build configuration list for PBXProject "MVC" */;
			compatibilityVersion = "Xcode 3.2";
			developmentRegion = English;
			hasScannedForEncodings = 0;
			knownRegions = (
				en,
			);
			mainGroup = 6628D8C91A0018D00079138B;
			productRefGroup = 6628D8D31A0018D00079138B /* Products */;
			projectDirPath = "";
			projectRoot = "";
			targets = (
				6628D8D11A0018D00079138B /* MVC */,
			);
		};
/* End PBXProject section */

/* Begin PBXSourcesBuildPhase section */
		6628D8CE1A0018D00079138B /* Sources */ = {
			isa = PBXSourcesBuildPhase;
			buildActionMask = 2147483647;
			files = (
				6628D8D61A0018D00079138B /* main.swift in Sources */,
				6628D8E51A0019AC0079138B /* Controllers.swift in Sources */,
				6628D8DF1A00194B0079138B /* Commands.swift in Sources */,
				6628D8DD1A0019340079138B /* Extensions.swift in Sources */,
				6628D8E31A0019980079138B /* Views.swift in Sources */,
				6628D8E11A00195C0079138B /* Model.swift in Sources */,
			);
			runOnlyForDeploymentPostprocessing = 0;
		};
/* End PBXSourcesBuildPhase section */

/* Begin XCBuildConfiguration section */
		6628D8D71A0018D00079138B /* Debug */ = {
			isa = XCBuildConfiguration;
			buildSettings = {
				ALWAYS_SEARCH_USER_PATHS = NO;
				CLANG_CXX_LANGUAGE_STANDARD = "gnu++0x";
				CLANG_CXX_LIBRARY = "libc++";
				CLANG_ENABLE_MODULES = YES;
				CLANG_ENABLE_OBJC_ARC = YES;
				CLANG_WARN_BOOL_CONVERSION = YES;
				CLANG_WARN_CONSTANT_CONVERSION = YES;
				CLANG_WARN_DIRECT_OBJC_ISA_USAGE = YES_ERROR;
				CLANG_WARN_EMPTY_BODY = YES;
				CLANG_WARN_ENUM_CONVERSION = YES;
				CLANG_WARN_INT_CONVERSION = YES;
				CLANG_WARN_OBJC_ROOT_CLASS = YES_ERROR;
				CLANG_WARN_UNREACHABLE_CODE = YES;
				CLANG_WARN__DUPLICATE_METHOD_MATCH = YES;
				COPY_PHASE_STRIP = NO;
				ENABLE_STRICT_OBJC_MSGSEND = YES;
				GCC_C_LANGUAGE_STANDARD = gnu99;
				GCC_DYNAMIC_NO_PIC = NO;
				GCC_OPTIMIZATION_LEVEL = 0;
				GCC_PREPROCESSOR_DEFINITIONS = (
					"DEBUG=1",
					"$(inherited)",
				);
				GCC_SYMBOLS_PRIVATE_EXTERN = NO;
				GCC_WARN_64_TO_32_BIT_CONVERSION = YES;
				GCC_WARN_ABOUT_RETURN_TYPE = YES_ERROR;
				GCC_WARN_UNDECLARED_SELECTOR = YES;
				GCC_WARN_UNINITIALIZED_AUTOS = YES_AGGRESSIVE;
				GCC_WARN_UNUSED_FUNCTION = YES;
				GCC_WARN_UNUSED_VARIABLE = YES;
				MACOSX_DEPLOYMENT_TARGET = 10.10;
				MTL_ENABLE_DEBUG_INFO = YES;
				ONLY_ACTIVE_ARCH = YES;
				SDKROOT = macosx;
				SWIFT_OPTIMIZATION_LEVEL = "-Onone";
			};
			name = Debug;
		};
		6628D8D81A0018D00079138B /* Release */ = {
			isa = XCBuildConfiguration;
			buildSettings = {
				ALWAYS_SEARCH_USER_PATHS = NO;
				CLANG_CXX_LANGUAGE_STANDARD = "gnu++0x";
				CLANG_CXX_LIBRARY = "libc++";
				CLANG_ENABLE_MODULES = YES;
				CLANG_ENABLE_OBJC_ARC = YES;
				CLANG_WARN_BOOL_CONVERSION = YES;
				CLANG_WARN_CONSTANT_CONVERSION = YES;
				CLANG_WARN_DIRECT_OBJC_ISA_USAGE = YES_ERROR;
				CLANG_WARN_EMPTY_BODY = YES;
				CLANG_WARN_ENUM_CONVERSION = YES;
				CLANG_WARN_INT_CONVERSION = YES;
				CLANG_WARN_OBJC_ROOT_CLASS = YES_ERROR;
				CLANG_WARN_UNREACHABLE_CODE = YES;
				CLANG_WARN__DUPLICATE_METHOD_MATCH = YES;
				COPY_PHASE_STRIP = YES;
				DEBUG_INFORMATION_FORMAT = "dwarf-with-dsym";
				ENABLE_NS_ASSERTIONS = NO;
				ENABLE_STRICT_OBJC_MSGSEND = YES;
				GCC_C_LANGUAGE_STANDARD = gnu99;
				GCC_WARN_64_TO_32_BIT_CONVERSION = YES;
				GCC_WARN_ABOUT_RETURN_TYPE = YES_ERROR;
				GCC_WARN_UNDECLARED_SELECTOR = YES;
				GCC_WARN_UNINITIALIZED_AUTOS = YES_AGGRESSIVE;
				GCC_WARN_UNUSED_FUNCTION = YES;
				GCC_WARN_UNUSED_VARIABLE = YES;
				MACOSX_DEPLOYMENT_TARGET = 10.10;
				MTL_ENABLE_DEBUG_INFO = NO;
				SDKROOT = macosx;
			};
			name = Release;
		};
		6628D8DA1A0018D00079138B /* Debug */ = {
			isa = XCBuildConfiguration;
			buildSettings = {
				PRODUCT_NAME = "$(TARGET_NAME)";
			};
			name = Debug;
		};
		6628D8DB1A0018D00079138B /* Release */ = {
			isa = XCBuildConfiguration;
			buildSettings = {
				PRODUCT_NAME = "$(TARGET_NAME)";
			};
			name = Release;
		};
/* End XCBuildConfiguration section */

/* Begin XCConfigurationList section */
		6628D8CD1A0018D00079138B /* Build configuration list for PBXProject "MVC" */ = {
			isa = XCConfigurationList;
			buildConfigurations = (
				6628D8D71A0018D00079138B /* Debug */,
				6628D8D81A0018D00079138B /* Release */,
			);
			defaultConfigurationIsVisible = 0;
			defaultConfigurationName = Release;
		};
		6628D8D91A0018D00079138B /* Build configuration list for PBXNativeTarget "MVC" */ = {
			isa = XCConfigurationList;
			buildConfigurations = (
				6628D8DA1A0018D00079138B /* Debug */,
				6628D8DB1A0018D00079138B /* Release */,
			);
			defaultConfigurationIsVisible = 0;
		};
/* End XCConfigurationList section */
	};
	rootObject = 6628D8CA1A0018D00079138B /* Project object */;
}
