// !$*UTF8*$!
{
	archiveVersion = 1;
	classes = {
	};
	objectVersion = 46;
	objects = {

/* Begin PBXBuildFile section */
		667A1BE619F6E64600060D1B /* main.swift in Sources */ = {isa = PBXBuildFile; fileRef = 667A1BE519F6E64600060D1B /* main.swift */; };
		667A1BED19F6E66C00060D1B /* Proxy.swift in Sources */ = {isa = PBXBuildFile; fileRef = 667A1BEC19F6E66C00060D1B /* Proxy.swift */; };
		667A1BEF19F6E6C800060D1B /* Auth.swift in Sources */ = {isa = PBXBuildFile; fileRef = 667A1BEE19F6E6C800060D1B /* Auth.swift */; };
/* End PBXBuildFile section */

/* Begin PBXCopyFilesBuildPhase section */
		667A1BE019F6E64600060D1B /* CopyFiles */ = {
			isa = PBXCopyFilesBuildPhase;
			buildActionMask = 2147483647;
			dstPath = /usr/share/man/man1/;
			dstSubfolderSpec = 0;
			files = (
			);
			runOnlyForDeploymentPostprocessing = 1;
		};
/* End PBXCopyFilesBuildPhase section */

/* Begin PBXFileReference section */
		667A1BE219F6E64600060D1B /* Proxy */ = {isa = PBXFileReference; explicitFileType = "compiled.mach-o.executable"; includeInIndex = 0; path = Proxy; sourceTree = BUILT_PRODUCTS_DIR; };
		667A1BE519F6E64600060D1B /* main.swift */ = {isa = PBXFileReference; lastKnownFileType = sourcecode.swift; path = main.swift; sourceTree = "<group>"; };
		667A1BEC19F6E66C00060D1B /* Proxy.swift */ = {isa = PBXFileReference; fileEncoding = 4; lastKnownFileType = sourcecode.swift; path = Proxy.swift; sourceTree = "<group>"; };
		667A1BEE19F6E6C800060D1B /* Auth.swift */ = {isa = PBXFileReference; fileEncoding = 4; lastKnownFileType = sourcecode.swift; path = Auth.swift; sourceTree = "<group>"; };
/* End PBXFileReference section */

/* Begin PBXFrameworksBuildPhase section */
		667A1BDF19F6E64600060D1B /* Frameworks */ = {
			isa = PBXFrameworksBuildPhase;
			buildActionMask = 2147483647;
			files = (
			);
			runOnlyForDeploymentPostprocessing = 0;
		};
/* End PBXFrameworksBuildPhase section */

/* Begin PBXGroup section */
		667A1BD919F6E64600060D1B = {
			isa = PBXGroup;
			children = (
				667A1BE419F6E64600060D1B /* Proxy */,
				667A1BE319F6E64600060D1B /* Products */,
			);
			sourceTree = "<group>";
		};
		667A1BE319F6E64600060D1B /* Products */ = {
			isa = PBXGroup;
			children = (
				667A1BE219F6E64600060D1B /* Proxy */,
			);
			name = Products;
			sourceTree = "<group>";
		};
		667A1BE419F6E64600060D1B /* Proxy */ = {
			isa = PBXGroup;
			children = (
				667A1BE519F6E64600060D1B /* main.swift */,
				667A1BEC19F6E66C00060D1B /* Proxy.swift */,
				667A1BEE19F6E6C800060D1B /* Auth.swift */,
			);
			path = Proxy;
			sourceTree = "<group>";
		};
/* End PBXGroup section */

/* Begin PBXNativeTarget section */
		667A1BE119F6E64600060D1B /* Proxy */ = {
			isa = PBXNativeTarget;
			buildConfigurationList = 667A1BE919F6E64600060D1B /* Build configuration list for PBXNativeTarget "Proxy" */;
			buildPhases = (
				667A1BDE19F6E64600060D1B /* Sources */,
				667A1BDF19F6E64600060D1B /* Frameworks */,
				667A1BE019F6E64600060D1B /* CopyFiles */,
			);
			buildRules = (
			);
			dependencies = (
			);
			name = Proxy;
			productName = Proxy;
			productReference = 667A1BE219F6E64600060D1B /* Proxy */;
			productType = "com.apple.product-type.tool";
		};
/* End PBXNativeTarget section */

/* Begin PBXProject section */
		667A1BDA19F6E64600060D1B /* Project object */ = {
			isa = PBXProject;
			attributes = {
				LastUpgradeCheck = 0610;
				ORGANIZATIONNAME = Apress;
				TargetAttributes = {
					667A1BE119F6E64600060D1B = {
						CreatedOnToolsVersion = 6.1;
					};
				};
			};
			buildConfigurationList = 667A1BDD19F6E64600060D1B /* Build configuration list for PBXProject "Proxy" */;
			compatibilityVersion = "Xcode 3.2";
			developmentRegion = English;
			hasScannedForEncodings = 0;
			knownRegions = (
				en,
			);
			mainGroup = 667A1BD919F6E64600060D1B;
			productRefGroup = 667A1BE319F6E64600060D1B /* Products */;
			projectDirPath = "";
			projectRoot = "";
			targets = (
				667A1BE119F6E64600060D1B /* Proxy */,
			);
		};
/* End PBXProject section */

/* Begin PBXSourcesBuildPhase section */
		667A1BDE19F6E64600060D1B /* Sources */ = {
			isa = PBXSourcesBuildPhase;
			buildActionMask = 2147483647;
			files = (
				667A1BED19F6E66C00060D1B /* Proxy.swift in Sources */,
				667A1BE619F6E64600060D1B /* main.swift in Sources */,
				667A1BEF19F6E6C800060D1B /* Auth.swift in Sources */,
			);
			runOnlyForDeploymentPostprocessing = 0;
		};
/* End PBXSourcesBuildPhase section */

/* Begin XCBuildConfiguration section */
		667A1BE719F6E64600060D1B /* Debug */ = {
			isa = XCBuildConfiguration;
			buildSettings = {
				ALWAYS_SEARCH_USER_PATHS = NO;
				CLANG_CXX_LANGUAGE_STANDARD = "gnu++0x";
				CLANG_CXX_LIBRARY = "libc++";
				CLANG_ENABLE_MODULES = YES;
				CLANG_ENABLE_OBJC_ARC = YES;
				CLANG_WARN_BOOL_CONVERSION = YES;
				CLANG_WARN_CONSTANT_CONVERSION = YES;
				CLANG_WARN_DIRECT_OBJC_ISA_USAGE = YES_ERROR;
				CLANG_WARN_EMPTY_BODY = YES;
				CLANG_WARN_ENUM_CONVERSION = YES;
				CLANG_WARN_INT_CONVERSION = YES;
				CLANG_WARN_OBJC_ROOT_CLASS = YES_ERROR;
				CLANG_WARN_UNREACHABLE_CODE = YES;
				CLANG_WARN__DUPLICATE_METHOD_MATCH = YES;
				COPY_PHASE_STRIP = NO;
				ENABLE_STRICT_OBJC_MSGSEND = YES;
				GCC_C_LANGUAGE_STANDARD = gnu99;
				GCC_DYNAMIC_NO_PIC = NO;
				GCC_OPTIMIZATION_LEVEL = 0;
				GCC_PREPROCESSOR_DEFINITIONS = (
					"DEBUG=1",
					"$(inherited)",
				);
				GCC_SYMBOLS_PRIVATE_EXTERN = NO;
				GCC_WARN_64_TO_32_BIT_CONVERSION = YES;
				GCC_WARN_ABOUT_RETURN_TYPE = YES_ERROR;
				GCC_WARN_UNDECLARED_SELECTOR = YES;
				GCC_WARN_UNINITIALIZED_AUTOS = YES_AGGRESSIVE;
				GCC_WARN_UNUSED_FUNCTION = YES;
				GCC_WARN_UNUSED_VARIABLE = YES;
				MACOSX_DEPLOYMENT_TARGET = 10.10;
				MTL_ENABLE_DEBUG_INFO = YES;
				ONLY_ACTIVE_ARCH = YES;
				SDKROOT = macosx;
				SWIFT_OPTIMIZATION_LEVEL = "-Onone";
			};
			name = Debug;
		};
		667A1BE819F6E64600060D1B /* Release */ = {
			isa = XCBuildConfiguration;
			buildSettings = {
				ALWAYS_SEARCH_USER_PATHS = NO;
				CLANG_CXX_LANGUAGE_STANDARD = "gnu++0x";
				CLANG_CXX_LIBRARY = "libc++";
				CLANG_ENABLE_MODULES = YES;
				CLANG_ENABLE_OBJC_ARC = YES;
				CLANG_WARN_BOOL_CONVERSION = YES;
				CLANG_WARN_CONSTANT_CONVERSION = YES;
				CLANG_WARN_DIRECT_OBJC_ISA_USAGE = YES_ERROR;
				CLANG_WARN_EMPTY_BODY = YES;
				CLANG_WARN_ENUM_CONVERSION = YES;
				CLANG_WARN_INT_CONVERSION = YES;
				CLANG_WARN_OBJC_ROOT_CLASS = YES_ERROR;
				CLANG_WARN_UNREACHABLE_CODE = YES;
				CLANG_WARN__DUPLICATE_METHOD_MATCH = YES;
				COPY_PHASE_STRIP = YES;
				DEBUG_INFORMATION_FORMAT = "dwarf-with-dsym";
				ENABLE_NS_ASSERTIONS = NO;
				ENABLE_STRICT_OBJC_MSGSEND = YES;
				GCC_C_LANGUAGE_STANDARD = gnu99;
				GCC_WARN_64_TO_32_BIT_CONVERSION = YES;
				GCC_WARN_ABOUT_RETURN_TYPE = YES_ERROR;
				GCC_WARN_UNDECLARED_SELECTOR = YES;
				GCC_WARN_UNINITIALIZED_AUTOS = YES_AGGRESSIVE;
				GCC_WARN_UNUSED_FUNCTION = YES;
				GCC_WARN_UNUSED_VARIABLE = YES;
				MACOSX_DEPLOYMENT_TARGET = 10.10;
				MTL_ENABLE_DEBUG_INFO = NO;
				SDKROOT = macosx;
			};
			name = Release;
		};
		667A1BEA19F6E64600060D1B /* Debug */ = {
			isa = XCBuildConfiguration;
			buildSettings = {
				PRODUCT_NAME = "$(TARGET_NAME)";
			};
			name = Debug;
		};
		667A1BEB19F6E64600060D1B /* Release */ = {
			isa = XCBuildConfiguration;
			buildSettings = {
				PRODUCT_NAME = "$(TARGET_NAME)";
			};
			name = Release;
		};
/* End XCBuildConfiguration section */

/* Begin XCConfigurationList section */
		667A1BDD19F6E64600060D1B /* Build configuration list for PBXProject "Proxy" */ = {
			isa = XCConfigurationList;
			buildConfigurations = (
				667A1BE719F6E64600060D1B /* Debug */,
				667A1BE819F6E64600060D1B /* Release */,
			);
			defaultConfigurationIsVisible = 0;
			defaultConfigurationName = Release;
		};
		667A1BE919F6E64600060D1B /* Build configuration list for PBXNativeTarget "Proxy" */ = {
			isa = XCConfigurationList;
			buildConfigurations = (
				667A1BEA19F6E64600060D1B /* Debug */,
				667A1BEB19F6E64600060D1B /* Release */,
			);
			defaultConfigurationIsVisible = 0;
		};
/* End XCConfigurationList section */
	};
	rootObject = 667A1BDA19F6E64600060D1B /* Project object */;
}
