// !$*UTF8*$!
{
	archiveVersion = 1;
	classes = {
	};
	objectVersion = 46;
	objects = {

/* Begin PBXBuildFile section */
		6690AFC419F906D900D1FEEB /* main.swift in Sources */ = {isa = PBXBuildFile; fileRef = 6690AFC319F906D900D1FEEB /* main.swift */; };
		6690AFCB19F906EE00D1FEEB /* Donors.swift in Sources */ = {isa = PBXBuildFile; fileRef = 6690AFCA19F906EE00D1FEEB /* Donors.swift */; };
/* End PBXBuildFile section */

/* Begin PBXCopyFilesBuildPhase section */
		6690AFBE19F906D900D1FEEB /* CopyFiles */ = {
			isa = PBXCopyFilesBuildPhase;
			buildActionMask = 2147483647;
			dstPath = /usr/share/man/man1/;
			dstSubfolderSpec = 0;
			files = (
			);
			runOnlyForDeploymentPostprocessing = 1;
		};
/* End PBXCopyFilesBuildPhase section */

/* Begin PBXFileReference section */
		6690AFC019F906D900D1FEEB /* TemplateMethod */ = {isa = PBXFileReference; explicitFileType = "compiled.mach-o.executable"; includeInIndex = 0; path = TemplateMethod; sourceTree = BUILT_PRODUCTS_DIR; };
		6690AFC319F906D900D1FEEB /* main.swift */ = {isa = PBXFileReference; lastKnownFileType = sourcecode.swift; path = main.swift; sourceTree = "<group>"; };
		6690AFCA19F906EE00D1FEEB /* Donors.swift */ = {isa = PBXFileReference; fileEncoding = 4; lastKnownFileType = sourcecode.swift; path = Donors.swift; sourceTree = "<group>"; };
/* End PBXFileReference section */

/* Begin PBXFrameworksBuildPhase section */
		6690AFBD19F906D900D1FEEB /* Frameworks */ = {
			isa = PBXFrameworksBuildPhase;
			buildActionMask = 2147483647;
			files = (
			);
			runOnlyForDeploymentPostprocessing = 0;
		};
/* End PBXFrameworksBuildPhase section */

/* Begin PBXGroup section */
		6690AFB719F906D900D1FEEB = {
			isa = PBXGroup;
			children = (
				6690AFC219F906D900D1FEEB /* TemplateMethod */,
				6690AFC119F906D900D1FEEB /* Products */,
			);
			sourceTree = "<group>";
		};
		6690AFC119F906D900D1FEEB /* Products */ = {
			isa = PBXGroup;
			children = (
				6690AFC019F906D900D1FEEB /* TemplateMethod */,
			);
			name = Products;
			sourceTree = "<group>";
		};
		6690AFC219F906D900D1FEEB /* TemplateMethod */ = {
			isa = PBXGroup;
			children = (
				6690AFC319F906D900D1FEEB /* main.swift */,
				6690AFCA19F906EE00D1FEEB /* Donors.swift */,
			);
			path = TemplateMethod;
			sourceTree = "<group>";
		};
/* End PBXGroup section */

/* Begin PBXNativeTarget section */
		6690AFBF19F906D900D1FEEB /* TemplateMethod */ = {
			isa = PBXNativeTarget;
			buildConfigurationList = 6690AFC719F906D900D1FEEB /* Build configuration list for PBXNativeTarget "TemplateMethod" */;
			buildPhases = (
				6690AFBC19F906D900D1FEEB /* Sources */,
				6690AFBD19F906D900D1FEEB /* Frameworks */,
				6690AFBE19F906D900D1FEEB /* CopyFiles */,
			);
			buildRules = (
			);
			dependencies = (
			);
			name = TemplateMethod;
			productName = TemplateMethod;
			productReference = 6690AFC019F906D900D1FEEB /* TemplateMethod */;
			productType = "com.apple.product-type.tool";
		};
/* End PBXNativeTarget section */

/* Begin PBXProject section */
		6690AFB819F906D900D1FEEB /* Project object */ = {
			isa = PBXProject;
			attributes = {
				LastUpgradeCheck = 0610;
				ORGANIZATIONNAME = Apress;
				TargetAttributes = {
					6690AFBF19F906D900D1FEEB = {
						CreatedOnToolsVersion = 6.1;
					};
				};
			};
			buildConfigurationList = 6690AFBB19F906D900D1FEEB /* Build configuration list for PBXProject "TemplateMethod" */;
			compatibilityVersion = "Xcode 3.2";
			developmentRegion = English;
			hasScannedForEncodings = 0;
			knownRegions = (
				en,
			);
			mainGroup = 6690AFB719F906D900D1FEEB;
			productRefGroup = 6690AFC119F906D900D1FEEB /* Products */;
			projectDirPath = "";
			projectRoot = "";
			targets = (
				6690AFBF19F906D900D1FEEB /* TemplateMethod */,
			);
		};
/* End PBXProject section */

/* Begin PBXSourcesBuildPhase section */
		6690AFBC19F906D900D1FEEB /* Sources */ = {
			isa = PBXSourcesBuildPhase;
			buildActionMask = 2147483647;
			files = (
				6690AFCB19F906EE00D1FEEB /* Donors.swift in Sources */,
				6690AFC419F906D900D1FEEB /* main.swift in Sources */,
			);
			runOnlyForDeploymentPostprocessing = 0;
		};
/* End PBXSourcesBuildPhase section */

/* Begin XCBuildConfiguration section */
		6690AFC519F906D900D1FEEB /* Debug */ = {
			isa = XCBuildConfiguration;
			buildSettings = {
				ALWAYS_SEARCH_USER_PATHS = NO;
				CLANG_CXX_LANGUAGE_STANDARD = "gnu++0x";
				CLANG_CXX_LIBRARY = "libc++";
				CLANG_ENABLE_MODULES = YES;
				CLANG_ENABLE_OBJC_ARC = YES;
				CLANG_WARN_BOOL_CONVERSION = YES;
				CLANG_WARN_CONSTANT_CONVERSION = YES;
				CLANG_WARN_DIRECT_OBJC_ISA_USAGE = YES_ERROR;
				CLANG_WARN_EMPTY_BODY = YES;
				CLANG_WARN_ENUM_CONVERSION = YES;
				CLANG_WARN_INT_CONVERSION = YES;
				CLANG_WARN_OBJC_ROOT_CLASS = YES_ERROR;
				CLANG_WARN_UNREACHABLE_CODE = YES;
				CLANG_WARN__DUPLICATE_METHOD_MATCH = YES;
				COPY_PHASE_STRIP = NO;
				ENABLE_STRICT_OBJC_MSGSEND = YES;
				GCC_C_LANGUAGE_STANDARD = gnu99;
				GCC_DYNAMIC_NO_PIC = NO;
				GCC_OPTIMIZATION_LEVEL = 0;
				GCC_PREPROCESSOR_DEFINITIONS = (
					"DEBUG=1",
					"$(inherited)",
				);
				GCC_SYMBOLS_PRIVATE_EXTERN = NO;
				GCC_WARN_64_TO_32_BIT_CONVERSION = YES;
				GCC_WARN_ABOUT_RETURN_TYPE = YES_ERROR;
				GCC_WARN_UNDECLARED_SELECTOR = YES;
				GCC_WARN_UNINITIALIZED_AUTOS = YES_AGGRESSIVE;
				GCC_WARN_UNUSED_FUNCTION = YES;
				GCC_WARN_UNUSED_VARIABLE = YES;
				MACOSX_DEPLOYMENT_TARGET = 10.10;
				MTL_ENABLE_DEBUG_INFO = YES;
				ONLY_ACTIVE_ARCH = YES;
				SDKROOT = macosx;
				SWIFT_OPTIMIZATION_LEVEL = "-Onone";
			};
			name = Debug;
		};
		6690AFC619F906D900D1FEEB /* Release */ = {
			isa = XCBuildConfiguration;
			buildSettings = {
				ALWAYS_SEARCH_USER_PATHS = NO;
				CLANG_CXX_LANGUAGE_STANDARD = "gnu++0x";
				CLANG_CXX_LIBRARY = "libc++";
				CLANG_ENABLE_MODULES = YES;
				CLANG_ENABLE_OBJC_ARC = YES;
				CLANG_WARN_BOOL_CONVERSION = YES;
				CLANG_WARN_CONSTANT_CONVERSION = YES;
				CLANG_WARN_DIRECT_OBJC_ISA_USAGE = YES_ERROR;
				CLANG_WARN_EMPTY_BODY = YES;
				CLANG_WARN_ENUM_CONVERSION = YES;
				CLANG_WARN_INT_CONVERSION = YES;
				CLANG_WARN_OBJC_ROOT_CLASS = YES_ERROR;
				CLANG_WARN_UNREACHABLE_CODE = YES;
				CLANG_WARN__DUPLICATE_METHOD_MATCH = YES;
				COPY_PHASE_STRIP = YES;
				DEBUG_INFORMATION_FORMAT = "dwarf-with-dsym";
				ENABLE_NS_ASSERTIONS = NO;
				ENABLE_STRICT_OBJC_MSGSEND = YES;
				GCC_C_LANGUAGE_STANDARD = gnu99;
				GCC_WARN_64_TO_32_BIT_CONVERSION = YES;
				GCC_WARN_ABOUT_RETURN_TYPE = YES_ERROR;
				GCC_WARN_UNDECLARED_SELECTOR = YES;
				GCC_WARN_UNINITIALIZED_AUTOS = YES_AGGRESSIVE;
				GCC_WARN_UNUSED_FUNCTION = YES;
				GCC_WARN_UNUSED_VARIABLE = YES;
				MACOSX_DEPLOYMENT_TARGET = 10.10;
				MTL_ENABLE_DEBUG_INFO = NO;
				SDKROOT = macosx;
			};
			name = Release;
		};
		6690AFC819F906D900D1FEEB /* Debug */ = {
			isa = XCBuildConfiguration;
			buildSettings = {
				PRODUCT_NAME = "$(TARGET_NAME)";
			};
			name = Debug;
		};
		6690AFC919F906D900D1FEEB /* Release */ = {
			isa = XCBuildConfiguration;
			buildSettings = {
				PRODUCT_NAME = "$(TARGET_NAME)";
			};
			name = Release;
		};
/* End XCBuildConfiguration section */

/* Begin XCConfigurationList section */
		6690AFBB19F906D900D1FEEB /* Build configuration list for PBXProject "TemplateMethod" */ = {
			isa = XCConfigurationList;
			buildConfigurations = (
				6690AFC519F906D900D1FEEB /* Debug */,
				6690AFC619F906D900D1FEEB /* Release */,
			);
			defaultConfigurationIsVisible = 0;
			defaultConfigurationName = Release;
		};
		6690AFC719F906D900D1FEEB /* Build configuration list for PBXNativeTarget "TemplateMethod" */ = {
			isa = XCConfigurationList;
			buildConfigurations = (
				6690AFC819F906D900D1FEEB /* Debug */,
				6690AFC919F906D900D1FEEB /* Release */,
			);
			defaultConfigurationIsVisible = 0;
		};
/* End XCConfigurationList section */
	};
	rootObject = 6690AFB819F906D900D1FEEB /* Project object */;
}
